{
  "name": "AI_Sales_Agent",
  "lockfileVersion": 3,
  "requires": true,
  "packages": {
    "": {
      "dependencies": {
        "chartjs-chart-funnel": "^4.2.4"
      }
    },
    "node_modules/@kurkle/color": {
      "version": "0.3.4",
      "resolved": "https://registry.npmjs.org/@kurkle/color/-/color-0.3.4.tgz",
      "integrity": "sha512-M5UknZPHRu3DEDWoipU6sE8PdkZ6Z/S+v4dD+Ke8IaNlpdSQah50lz1KtcFBa2vsdOnwbbnxJwVM4wty6udA5w==",
      "license": "MIT",
      "peer": true
    },
    "node_modules/@types/chroma-js": {
      "version": "2.4.5",
      "resolved": "https://registry.npmjs.org/@types/chroma-js/-/chroma-js-2.4.5.tgz",
      "integrity": "sha512-6ISjhzJViaPCy2q2e6PgK+8HcHQDQ0V2LDiKmYAh+jJlLqDa6HbwDh0wOevHY0kHHUx0iZwjSRbVD47WOUx5EQ==",
      "license": "MIT"
    },
    "node_modules/chart.js": {
      "version": "4.5.0",
      "resolved": "https://registry.npmjs.org/chart.js/-/chart.js-4.5.0.tgz",
      "integrity": "sha512-aYeC/jDgSEx8SHWZvANYMioYMZ2KX02W6f6uVfyteuCGcadDLcYVHdfdygsTQkQ4TKn5lghoojAsPj5pu0SnvQ==",
      "license": "MIT",
      "peer": true,
      "dependencies": {
        "@kurkle/color": "^0.3.0"
      },
      "engines": {
        "pnpm": ">=8"
      }
    },
    "node_modules/chartjs-chart-funnel": {
      "version": "4.2.4",
      "resolved": "https://registry.npmjs.org/chartjs-chart-funnel/-/chartjs-chart-funnel-4.2.4.tgz",
      "integrity": "sha512-GMyA8RRZzNhUSblikzZNp3cN0qWGtq+tWm2DQYx4eQd9trNwQO6trSRCqYDGgsvCmDiTm6R1aZGtE90HtTh0Ng==",
      "license": "MIT",
      "dependencies": {
        "@types/chroma-js": "^2.4.4",
        "chroma-js": "^3.1.2"
      },
      "peerDependencies": {
        "chart.js": ">=3.7.0"
      }
    },
    "node_modules/chroma-js": {
      "version": "3.1.2",
      "resolved": "https://registry.npmjs.org/chroma-js/-/chroma-js-3.1.2.tgz",
      "integrity": "sha512-IJnETTalXbsLx1eKEgx19d5L6SRM7cH4vINw/99p/M11HCuXGRWL+6YmCm7FWFGIo6dtWuQoQi1dc5yQ7ESIHg==",
      "license": "(BSD-3-Clause AND Apache-2.0)"
    }
  }
}
